# This file was autogenerated by Stack.
# You should not edit this file by hand.
# For more information, please see the documentation at:
#   https://docs.haskellstack.org/en/stable/lock_files

packages:
- completed:
    hackage: taggy-lens-0.1.2@sha256:091ca81d02bd3d7fb493dce0148e1a38f25eb178a1ebd751043a23239e5e3265,3009
    pantry-tree:
      sha256: 332730a4a17634a4d0948a68811e52bb9d5c61065181aed47aec6abd88c75871
      size: 323
  original:
    hackage: taggy-lens-0.1.2@sha256:091ca81d02bd3d7fb493dce0148e1a38f25eb178a1ebd751043a23239e5e3265,3009
- completed:
    commit: b5ad07c9be9ac178a7008fb7dd5e74ebf0b68056
    git: https://github.com/sarkologist/taggy.git
    name: taggy
    pantry-tree:
      sha256: 7336bb5b2a8ef94e33b655636e191257fa50e38225fef1c00d3f895a3e965d56
      size: 2480
    version: 0.2.1
  original:
    commit: b5ad07c9be9ac178a7008fb7dd5e74ebf0b68056
    git: https://github.com/sarkologist/taggy.git
snapshots:
- completed:
    sha256: 4a0e5e187fbef423f9c60072bfb1dd56f2a01a07a2667eb1469bd79073cfceaf
    size: 713340
    url: https://raw.githubusercontent.com/commercialhaskell/stackage-snapshots/master/lts/22/20.yaml
  original:
    url: https://raw.githubusercontent.com/commercialhaskell/stackage-snapshots/master/lts/22/20.yaml
